
Microsoft Visual Studio Solution File, Format Version 12.00
# Visual Studio Version 17
VisualStudioVersion = 17.1.32328.378
MinimumVisualStudioVersion = 10.0.40219.1
Project("{9A19103F-16F7-4668-BE54-9A1E7A4F7556}") = "TakeoutWranglerCmdline", "TakeoutWranglerCmdline\TakeoutWranglerCmdline.csproj", "{64F69761-246C-4605-B85F-5F8B8050DBE6}"
EndProject
Project("{2150E333-8FDC-42A3-9474-1A3956D46DE8}") = "Solution Items", "Solution Items", "{403BF1C6-0D7E-40D8-A029-2FBDF12B1A4B}"
	ProjectSection(SolutionItems) = preProject
		Documentation\Copyright.txt = Documentation\Copyright.txt
		GlobalAssemblyInfo.tt = GlobalAssemblyInfo.tt
		Documentation\photos.ico = Documentation\photos.ico
		Documentation\selfsigncert.pfx = Documentation\selfsigncert.pfx
	EndProjectSection
EndProject
Project("{9A19103F-16F7-4668-BE54-9A1E7A4F7556}") = "PhotoCopyLibrary", "PhotoCopyLibrary\PhotoCopyLibrary.csproj", "{BCD20D41-9F27-49B5-A933-41D1F76857C4}"
	ProjectSection(ProjectDependencies) = postProject
		{B15FE8EB-2792-4A17-9EE9-5A5715E1B31B} = {B15FE8EB-2792-4A17-9EE9-5A5715E1B31B}
		{C4CA04E2-F5FC-4EB7-811D-A3D7C9599424} = {C4CA04E2-F5FC-4EB7-811D-A3D7C9599424}
	EndProjectSection
EndProject
Project("{9A19103F-16F7-4668-BE54-9A1E7A4F7556}") = "TakeoutWranglerUI", "TakeoutWranglerUI\TakeoutWranglerUI.csproj", "{E8DFA628-0FE5-481C-93D2-649CDCC8F76D}"
EndProject
Project("{2150E333-8FDC-42A3-9474-1A3956D46DE8}") = "Tests", "Tests", "{15597BF9-FB7A-4ED7-A767-B442BFDD4B07}"
EndProject
Project("{9A19103F-16F7-4668-BE54-9A1E7A4F7556}") = "TestLibrary", "TestLibrary\TestLibrary.csproj", "{95579CBD-B6C4-4149-86FC-1310E5992385}"
EndProject
Project("{2150E333-8FDC-42A3-9474-1A3956D46DE8}") = "Installers", "Installers", "{ECB156EB-21C1-478B-9419-4F3EB046809E}"
	ProjectSection(SolutionItems) = preProject
		Installers\BuildSetupArgs.txt = Installers\BuildSetupArgs.txt
		Installers\Changes.txt = Installers\Changes.txt
		Installers\includes\CodeDependencies.iss = Installers\includes\CodeDependencies.iss
		Installers\ProjectsToSign.txt = Installers\ProjectsToSign.txt
	EndProjectSection
EndProject
Project("{2150E333-8FDC-42A3-9474-1A3956D46DE8}") = "Documentation", "Documentation", "{5D517154-695F-448D-ACD6-1ED3CF836DD8}"
	ProjectSection(SolutionItems) = preProject
		Documentation\About.docx = Documentation\About.docx
		Documentation\Copyright.txt = Documentation\Copyright.txt
		Documentation\Help.docx = Documentation\Help.docx
		Documentation\HowToGetYourPhotosFromGoogleTakeout.docx = Documentation\HowToGetYourPhotosFromGoogleTakeout.docx
		Documentation\photos.ico = Documentation\photos.ico
	EndProjectSection
EndProject
Project("{2150E333-8FDC-42A3-9474-1A3956D46DE8}") = "TakeoutWrangler", "TakeoutWrangler", "{20CC6639-1C21-44BF-9381-8FAA4087053C}"
	ProjectSection(SolutionItems) = preProject
		Installers\TakeoutWrangler\TakeoutWrangler.iss = Installers\TakeoutWrangler\TakeoutWrangler.iss
		Installers\TakeoutWrangler\TakeoutWranglerUIchangelog.txt = Installers\TakeoutWrangler\TakeoutWranglerUIchangelog.txt
		Installers\TakeoutWrangler\TakeoutWranglerUIupdate.xml = Installers\TakeoutWrangler\TakeoutWranglerUIupdate.xml
	EndProjectSection
EndProject
Project("{2150E333-8FDC-42A3-9474-1A3956D46DE8}") = "Tools", "Tools", "{9F60F645-B6D1-437B-9A4A-B03871E672B1}"
EndProject
Project("{9A19103F-16F7-4668-BE54-9A1E7A4F7556}") = "AddCopyright", "Tools\AddCopyright\AddCopyright.csproj", "{B15FE8EB-2792-4A17-9EE9-5A5715E1B31B}"
EndProject
Project("{9A19103F-16F7-4668-BE54-9A1E7A4F7556}") = "BumpVersion", "Tools\BumpVersion\BumpVersion.csproj", "{C4CA04E2-F5FC-4EB7-811D-A3D7C9599424}"
EndProject
Project("{FAE04EC0-301F-11D3-BF4B-00C04F79EFBC}") = "BuildSetups", "Tools\UpdateInfo\BuildSetups.csproj", "{ABD873B0-B368-4288-BBD8-07AAC13658A0}"
	ProjectSection(ProjectDependencies) = postProject
		{64F69761-246C-4605-B85F-5F8B8050DBE6} = {64F69761-246C-4605-B85F-5F8B8050DBE6}
		{E8DFA628-0FE5-481C-93D2-649CDCC8F76D} = {E8DFA628-0FE5-481C-93D2-649CDCC8F76D}
	EndProjectSection
EndProject
Project("{2150E333-8FDC-42A3-9474-1A3956D46DE8}") = "PublishFiles", "PublishFiles", "{00D86DAF-C892-4D06-8311-7D6B96A512AD}"
	ProjectSection(SolutionItems) = preProject
		Installers\PublishFiles\wonky.crt = Installers\PublishFiles\wonky.crt
	EndProjectSection
EndProject
Project("{FAE04EC0-301F-11D3-BF4B-00C04F79EFBC}") = "TakeoutWranglerViewer", "DecryptDisplay\TakeoutWranglerViewer.csproj", "{DA039C27-E153-4415-B53A-0C7E7DB05141}"
EndProject
Project("{FAE04EC0-301F-11D3-BF4B-00C04F79EFBC}") = "CommonLibrary", "CommonLibrary\CommonLibrary.csproj", "{CCE3ADAA-6115-4D59-B6C3-21CA02E3B9D8}"
EndProject
Global
	GlobalSection(SolutionConfigurationPlatforms) = preSolution
		Debug|Any CPU = Debug|Any CPU
		Release|Any CPU = Release|Any CPU
	EndGlobalSection
	GlobalSection(ProjectConfigurationPlatforms) = postSolution
		{64F69761-246C-4605-B85F-5F8B8050DBE6}.Debug|Any CPU.ActiveCfg = Debug|Any CPU
		{64F69761-246C-4605-B85F-5F8B8050DBE6}.Debug|Any CPU.Build.0 = Debug|Any CPU
		{64F69761-246C-4605-B85F-5F8B8050DBE6}.Release|Any CPU.ActiveCfg = Release|Any CPU
		{64F69761-246C-4605-B85F-5F8B8050DBE6}.Release|Any CPU.Build.0 = Release|Any CPU
		{BCD20D41-9F27-49B5-A933-41D1F76857C4}.Debug|Any CPU.ActiveCfg = Debug|Any CPU
		{BCD20D41-9F27-49B5-A933-41D1F76857C4}.Debug|Any CPU.Build.0 = Debug|Any CPU
		{BCD20D41-9F27-49B5-A933-41D1F76857C4}.Release|Any CPU.ActiveCfg = Release|Any CPU
		{BCD20D41-9F27-49B5-A933-41D1F76857C4}.Release|Any CPU.Build.0 = Release|Any CPU
		{E8DFA628-0FE5-481C-93D2-649CDCC8F76D}.Debug|Any CPU.ActiveCfg = Debug|Any CPU
		{E8DFA628-0FE5-481C-93D2-649CDCC8F76D}.Debug|Any CPU.Build.0 = Debug|Any CPU
		{E8DFA628-0FE5-481C-93D2-649CDCC8F76D}.Release|Any CPU.ActiveCfg = Release|Any CPU
		{E8DFA628-0FE5-481C-93D2-649CDCC8F76D}.Release|Any CPU.Build.0 = Release|Any CPU
		{95579CBD-B6C4-4149-86FC-1310E5992385}.Debug|Any CPU.ActiveCfg = Debug|Any CPU
		{95579CBD-B6C4-4149-86FC-1310E5992385}.Debug|Any CPU.Build.0 = Debug|Any CPU
		{95579CBD-B6C4-4149-86FC-1310E5992385}.Release|Any CPU.ActiveCfg = Release|Any CPU
		{95579CBD-B6C4-4149-86FC-1310E5992385}.Release|Any CPU.Build.0 = Release|Any CPU
		{B15FE8EB-2792-4A17-9EE9-5A5715E1B31B}.Debug|Any CPU.ActiveCfg = Debug|Any CPU
		{B15FE8EB-2792-4A17-9EE9-5A5715E1B31B}.Release|Any CPU.ActiveCfg = Release|Any CPU
		{C4CA04E2-F5FC-4EB7-811D-A3D7C9599424}.Debug|Any CPU.ActiveCfg = Debug|Any CPU
		{C4CA04E2-F5FC-4EB7-811D-A3D7C9599424}.Release|Any CPU.ActiveCfg = Release|Any CPU
		{C4CA04E2-F5FC-4EB7-811D-A3D7C9599424}.Release|Any CPU.Build.0 = Release|Any CPU
		{ABD873B0-B368-4288-BBD8-07AAC13658A0}.Debug|Any CPU.ActiveCfg = Debug|Any CPU
		{ABD873B0-B368-4288-BBD8-07AAC13658A0}.Debug|Any CPU.Build.0 = Debug|Any CPU
		{ABD873B0-B368-4288-BBD8-07AAC13658A0}.Release|Any CPU.ActiveCfg = Release|Any CPU
		{ABD873B0-B368-4288-BBD8-07AAC13658A0}.Release|Any CPU.Build.0 = Release|Any CPU
		{DA039C27-E153-4415-B53A-0C7E7DB05141}.Debug|Any CPU.ActiveCfg = Debug|Any CPU
		{DA039C27-E153-4415-B53A-0C7E7DB05141}.Debug|Any CPU.Build.0 = Debug|Any CPU
		{DA039C27-E153-4415-B53A-0C7E7DB05141}.Release|Any CPU.ActiveCfg = Release|Any CPU
		{DA039C27-E153-4415-B53A-0C7E7DB05141}.Release|Any CPU.Build.0 = Release|Any CPU
		{CCE3ADAA-6115-4D59-B6C3-21CA02E3B9D8}.Debug|Any CPU.ActiveCfg = Debug|Any CPU
		{CCE3ADAA-6115-4D59-B6C3-21CA02E3B9D8}.Debug|Any CPU.Build.0 = Debug|Any CPU
		{CCE3ADAA-6115-4D59-B6C3-21CA02E3B9D8}.Release|Any CPU.ActiveCfg = Release|Any CPU
		{CCE3ADAA-6115-4D59-B6C3-21CA02E3B9D8}.Release|Any CPU.Build.0 = Release|Any CPU
	EndGlobalSection
	GlobalSection(SolutionProperties) = preSolution
		HideSolutionNode = FALSE
	EndGlobalSection
	GlobalSection(NestedProjects) = preSolution
		{95579CBD-B6C4-4149-86FC-1310E5992385} = {15597BF9-FB7A-4ED7-A767-B442BFDD4B07}
		{20CC6639-1C21-44BF-9381-8FAA4087053C} = {ECB156EB-21C1-478B-9419-4F3EB046809E}
		{B15FE8EB-2792-4A17-9EE9-5A5715E1B31B} = {9F60F645-B6D1-437B-9A4A-B03871E672B1}
		{C4CA04E2-F5FC-4EB7-811D-A3D7C9599424} = {9F60F645-B6D1-437B-9A4A-B03871E672B1}
		{ABD873B0-B368-4288-BBD8-07AAC13658A0} = {9F60F645-B6D1-437B-9A4A-B03871E672B1}
		{00D86DAF-C892-4D06-8311-7D6B96A512AD} = {ECB156EB-21C1-478B-9419-4F3EB046809E}
	EndGlobalSection
	GlobalSection(ExtensibilityGlobals) = postSolution
		SolutionGuid = {A14EDD0F-A169-47D5-9232-4646899FFB2D}
	EndGlobalSection
EndGlobal
